
Microsoft Visual Studio Solution File, Format Version 12.00
# Visual Studio Version 16
VisualStudioVersion = 16.0.30523.141
MinimumVisualStudioVersion = 10.0.40219.1
Project("{FAE04EC0-301F-11D3-BF4B-00C04F79EFBC}") = "Member", "Member.csproj", "{A0663063-E372-4251-BAC2-922FA13FC4D4}"
EndProject
Global
	GlobalSection(SolutionConfigurationPlatforms) = preSolution
		Debug|Any CPU = Debug|Any CPU
		Release|Any CPU = Release|Any CPU
	EndGlobalSection
	GlobalSection(ProjectConfigurationPlatforms) = postSolution
		{A0663063-E372-4251-BAC2-922FA13FC4D4}.Debug|Any CPU.ActiveCfg = Debug|Any CPU
		{A0663063-E372-4251-BAC2-922FA13FC4D4}.Debug|Any CPU.Build.0 = Debug|Any CPU
		{A0663063-E372-4251-BAC2-922FA13FC4D4}.Release|Any CPU.ActiveCfg = Release|Any CPU
		{A0663063-E372-4251-BAC2-922FA13FC4D4}.Release|Any CPU.Build.0 = Release|Any CPU
	EndGlobalSection
	GlobalSection(SolutionProperties) = preSolution
		HideSolutionNode = FALSE
	EndGlobalSection
	GlobalSection(ExtensibilityGlobals) = postSolution
		SolutionGuid = {B0C1A9FE-B295-4E0F-9BCB-815DF4CC0F0F}
	EndGlobalSection
EndGlobal
